github.com/gogo/protobuf v0.0.0-20180509162441-30cf7ac33676 h1:sWRRbFwmt+HjaUAHN7jP0WDj7nm7No49h7IY030oQ10=
github.com/gogo/protobuf v0.0.0-20180509162441-30cf7ac33676/go.mod h1:r8qH/GZQm5c6nD/R0oafs1akxWv10x8SbQlK7atdtwQ=
github.com/golang/glog v0.0.0-20160126235308-23def4e6c14b h1:VKtxabqXZkF25pY9ekfRL6a582T4P37/31XEstQ5p58=
github.com/golang/glog v0.0.0-20160126235308-23def4e6c14b/go.mod h1:SBH7ygxi8pfUlaOkMMuAQtPIUF8ecWP5IEl/CR7VP2Q=
github.com/golang/protobuf v1.1.0 h1:0iH4Ffd/meGoXqF2lSAhZHt8X+cPgkfn/cb6Cce5Vpc=
github.com/golang/protobuf v1.1.0/go.mod h1:6lQm79b+lXiMfvg/cZm0SGofjICqVBUtrP5yJMmIC1U=
golang.org/x/net v0.0.0-20180522190444-9ef9f5bb98a1 h1:+2KJRQYVS4oeIZqXrgNLH7FxyXp+eVs2kLuG5pWupfY=
golang.org/x/net v0.0.0-20180522190444-9ef9f5bb98a1/go.mod h1:mL1N/T3taQHkDXs73rZJwtUhF3w3ftmwwsq0BUmARs4=
golang.org/x/sync v0.0.0-20181108010431-42b317875d0f h1:Bl/8QSvNqXvPGPGXa2z5xUTmV7VDcZyvRZ+QQXkXTZQ=
golang.org/x/sync v0.0.0-20181108010431-42b317875d0f/go.mod h1:RxMgew5VJxzue5/jJTE5uejpjVlOe/izrB70Jof72aM=
golang.org/x/text v0.3.0 h1:g61tztE5qeGQ89tm6NTjjM9VPIm088od1l6aSorWRWg=
golang.org/x/text v0.3.0/go.mod h1:NqM8EUOU14njkJ3fqMW+pc6Ldnwhi/IjpwHt7yyuwOQ=
google.golang.org/genproto v0.0.0-20180518175338-11a468237815 h1:p3qKkjcSW6m32Lr1CInA3jW53vG29/JB6QOvQWie5WI=
google.golang.org/genproto v0.0.0-20180518175338-11a468237815/go.mod h1:JiN7NxoALGmiZfu7CAH4rXhgtRTLTxftemlI0sWmxmc=
google.golang.org/grpc v0.0.0-20180522223157-d33a92319019 h1:d0IdU3kGHRnLEMAJH+t1+uEshtHAYexQZRao0FZD9cQ=
google.golang.org/grpc v0.0.0-20180522223157-d33a92319019/go.mod h1:yo6s7OP7yaDglbqo1J04qKzAhqBH6lvTonzMVmEdcZw=
